
Microsoft Visual Studio Solution File, Format Version 12.00
# Visual Studio 2013
VisualStudioVersion = 12.0.31101.0
MinimumVisualStudioVersion = 10.0.40219.1
Project("{8BC9CEB8-8B4A-11D0-8D11-00A0C91BC942}") = "EvcSolver", "src\EvcSolver.vcxproj", "{BA6137DF-0073-4E81-8A61-302C805B7745}"
	ProjectSection(ProjectDependencies) = postProject
		{2FCB5399-059F-405F-A19B-3ACBE92057A9} = {2FCB5399-059F-405F-A19B-3ACBE92057A9}
	EndProjectSection
EndProject
Project("{8BC9CEB8-8B4A-11D0-8D11-00A0C91BC942}") = "opensteer", "opensteer\win32\opensteer.vcxproj", "{2FCB5399-059F-405F-A19B-3ACBE92057A9}"
EndProject
Project("{FAE04EC0-301F-11D3-BF4B-00C04F79EFBC}") = "CASPERLog", "CASPERLog\CASPERLog.csproj", "{133C4B26-54C8-40F8-AE06-604A251BCA5F}"
EndProject
Project("{FAE04EC0-301F-11D3-BF4B-00C04F79EFBC}") = "CASPERCountQuery", "CASPERCountQuery\CASPERCountQuery.csproj", "{3F8C7FB6-9282-4D2C-9106-6D74E3389A26}"
EndProject
Global
	GlobalSection(SolutionConfigurationPlatforms) = preSolution
		Debug|Win32 = Debug|Win32
		Debug|x64 = Debug|x64
		Release|Win32 = Release|Win32
		Release|x64 = Release|x64
	EndGlobalSection
	GlobalSection(ProjectConfigurationPlatforms) = postSolution
		{BA6137DF-0073-4E81-8A61-302C805B7745}.Debug|Win32.ActiveCfg = Debug|Win32
		{BA6137DF-0073-4E81-8A61-302C805B7745}.Debug|Win32.Build.0 = Debug|Win32
		{BA6137DF-0073-4E81-8A61-302C805B7745}.Debug|x64.ActiveCfg = Debug|x64
		{BA6137DF-0073-4E81-8A61-302C805B7745}.Debug|x64.Build.0 = Debug|x64
		{BA6137DF-0073-4E81-8A61-302C805B7745}.Release|Win32.ActiveCfg = Release|Win32
		{BA6137DF-0073-4E81-8A61-302C805B7745}.Release|Win32.Build.0 = Release|Win32
		{BA6137DF-0073-4E81-8A61-302C805B7745}.Release|x64.ActiveCfg = Release|x64
		{BA6137DF-0073-4E81-8A61-302C805B7745}.Release|x64.Build.0 = Release|x64
		{BA6137DF-0073-4E81-8A61-302C805B7745}.Release|x64.Deploy.0 = Release|x64
		{2FCB5399-059F-405F-A19B-3ACBE92057A9}.Debug|Win32.ActiveCfg = Debug|Win32
		{2FCB5399-059F-405F-A19B-3ACBE92057A9}.Debug|Win32.Build.0 = Debug|Win32
		{2FCB5399-059F-405F-A19B-3ACBE92057A9}.Debug|x64.ActiveCfg = Debug|x64
		{2FCB5399-059F-405F-A19B-3ACBE92057A9}.Debug|x64.Build.0 = Debug|x64
		{2FCB5399-059F-405F-A19B-3ACBE92057A9}.Release|Win32.ActiveCfg = Release|Win32
		{2FCB5399-059F-405F-A19B-3ACBE92057A9}.Release|Win32.Build.0 = Release|Win32
		{2FCB5399-059F-405F-A19B-3ACBE92057A9}.Release|x64.ActiveCfg = Release|x64
		{2FCB5399-059F-405F-A19B-3ACBE92057A9}.Release|x64.Build.0 = Release|x64
		{133C4B26-54C8-40F8-AE06-604A251BCA5F}.Debug|Win32.ActiveCfg = Debug|Any CPU
		{133C4B26-54C8-40F8-AE06-604A251BCA5F}.Debug|x64.ActiveCfg = Debug|Any CPU
		{133C4B26-54C8-40F8-AE06-604A251BCA5F}.Release|Win32.ActiveCfg = Release|Any CPU
		{133C4B26-54C8-40F8-AE06-604A251BCA5F}.Release|x64.ActiveCfg = Release|Any CPU
		{3F8C7FB6-9282-4D2C-9106-6D74E3389A26}.Debug|Win32.ActiveCfg = Debug|Any CPU
		{3F8C7FB6-9282-4D2C-9106-6D74E3389A26}.Debug|x64.ActiveCfg = Debug|Any CPU
		{3F8C7FB6-9282-4D2C-9106-6D74E3389A26}.Release|Win32.ActiveCfg = Release|Any CPU
		{3F8C7FB6-9282-4D2C-9106-6D74E3389A26}.Release|x64.ActiveCfg = Release|Any CPU
	EndGlobalSection
	GlobalSection(SolutionProperties) = preSolution
		HideSolutionNode = FALSE
	EndGlobalSection
	GlobalSection(ExtensibilityGlobals) = postSolution
		BuildVersion_IncrementBeforeBuild = True
		BuildVersion_UpdateAssemblyVersion = True
		BuildVersion_BuildVersioningStyle = None.None.Increment.None
	EndGlobalSection
EndGlobal
