
Microsoft Visual Studio Solution File, Format Version 12.00
# Visual Studio 2012
Project("{8BC9CEB8-8B4A-11D0-8D11-00A0C91BC942}") = "EvcSolver", "src\EvcSolver.vcxproj", "{BA6137DF-0073-4E81-8A61-302C805B7745}"
	ProjectSection(ProjectDependencies) = postProject
		{2FCB5399-059F-405F-A19B-3ACBE92057A9} = {2FCB5399-059F-405F-A19B-3ACBE92057A9}
	EndProjectSection
EndProject
Project("{8BC9CEB8-8B4A-11D0-8D11-00A0C91BC942}") = "opensteer", "opensteer\win32\opensteer.vcxproj", "{2FCB5399-059F-405F-A19B-3ACBE92057A9}"
EndProject
Global
	GlobalSection(SolutionConfigurationPlatforms) = preSolution
		Debug|Mixed Platforms = Debug|Mixed Platforms
		Debug|Win32 = Debug|Win32
		Debug|x64 = Debug|x64
		Debug|x86 = Debug|x86
		DebugNoFlock|Mixed Platforms = DebugNoFlock|Mixed Platforms
		DebugNoFlock|Win32 = DebugNoFlock|Win32
		DebugNoFlock|x64 = DebugNoFlock|x64
		DebugNoFlock|x86 = DebugNoFlock|x86
		Release|Mixed Platforms = Release|Mixed Platforms
		Release|Win32 = Release|Win32
		Release|x64 = Release|x64
		Release|x86 = Release|x86
		ReleaseNoFlock|Mixed Platforms = ReleaseNoFlock|Mixed Platforms
		ReleaseNoFlock|Win32 = ReleaseNoFlock|Win32
		ReleaseNoFlock|x64 = ReleaseNoFlock|x64
		ReleaseNoFlock|x86 = ReleaseNoFlock|x86
	EndGlobalSection
	GlobalSection(ProjectConfigurationPlatforms) = postSolution
		{BA6137DF-0073-4E81-8A61-302C805B7745}.Debug|Mixed Platforms.ActiveCfg = Debug|Win32
		{BA6137DF-0073-4E81-8A61-302C805B7745}.Debug|Mixed Platforms.Build.0 = Debug|Win32
		{BA6137DF-0073-4E81-8A61-302C805B7745}.Debug|Win32.ActiveCfg = Debug|Win32
		{BA6137DF-0073-4E81-8A61-302C805B7745}.Debug|Win32.Build.0 = Debug|Win32
		{BA6137DF-0073-4E81-8A61-302C805B7745}.Debug|x64.ActiveCfg = Debug|x64
		{BA6137DF-0073-4E81-8A61-302C805B7745}.Debug|x64.Build.0 = Debug|x64
		{BA6137DF-0073-4E81-8A61-302C805B7745}.Debug|x86.ActiveCfg = Debug|Win32
		{BA6137DF-0073-4E81-8A61-302C805B7745}.Debug|x86.Build.0 = Debug|Win32
		{BA6137DF-0073-4E81-8A61-302C805B7745}.DebugNoFlock|Mixed Platforms.ActiveCfg = DebugNoFlock|Win32
		{BA6137DF-0073-4E81-8A61-302C805B7745}.DebugNoFlock|Mixed Platforms.Build.0 = DebugNoFlock|Win32
		{BA6137DF-0073-4E81-8A61-302C805B7745}.DebugNoFlock|Win32.ActiveCfg = DebugNoFlock|Win32
		{BA6137DF-0073-4E81-8A61-302C805B7745}.DebugNoFlock|Win32.Build.0 = DebugNoFlock|Win32
		{BA6137DF-0073-4E81-8A61-302C805B7745}.DebugNoFlock|x64.ActiveCfg = DebugNoFlock|x64
		{BA6137DF-0073-4E81-8A61-302C805B7745}.DebugNoFlock|x64.Build.0 = DebugNoFlock|x64
		{BA6137DF-0073-4E81-8A61-302C805B7745}.DebugNoFlock|x86.ActiveCfg = DebugNoFlock|Win32
		{BA6137DF-0073-4E81-8A61-302C805B7745}.DebugNoFlock|x86.Build.0 = DebugNoFlock|Win32
		{BA6137DF-0073-4E81-8A61-302C805B7745}.Release|Mixed Platforms.ActiveCfg = Release|Win32
		{BA6137DF-0073-4E81-8A61-302C805B7745}.Release|Mixed Platforms.Build.0 = Release|Win32
		{BA6137DF-0073-4E81-8A61-302C805B7745}.Release|Win32.ActiveCfg = Release|Win32
		{BA6137DF-0073-4E81-8A61-302C805B7745}.Release|Win32.Build.0 = Release|Win32
		{BA6137DF-0073-4E81-8A61-302C805B7745}.Release|x64.ActiveCfg = Release|x64
		{BA6137DF-0073-4E81-8A61-302C805B7745}.Release|x64.Build.0 = Release|x64
		{BA6137DF-0073-4E81-8A61-302C805B7745}.Release|x86.ActiveCfg = Release|Win32
		{BA6137DF-0073-4E81-8A61-302C805B7745}.Release|x86.Build.0 = Release|Win32
		{BA6137DF-0073-4E81-8A61-302C805B7745}.ReleaseNoFlock|Mixed Platforms.ActiveCfg = ReleaseNoFlock|Win32
		{BA6137DF-0073-4E81-8A61-302C805B7745}.ReleaseNoFlock|Mixed Platforms.Build.0 = ReleaseNoFlock|Win32
		{BA6137DF-0073-4E81-8A61-302C805B7745}.ReleaseNoFlock|Win32.ActiveCfg = ReleaseNoFlock|Win32
		{BA6137DF-0073-4E81-8A61-302C805B7745}.ReleaseNoFlock|Win32.Build.0 = ReleaseNoFlock|Win32
		{BA6137DF-0073-4E81-8A61-302C805B7745}.ReleaseNoFlock|x64.ActiveCfg = ReleaseNoFlock|x64
		{BA6137DF-0073-4E81-8A61-302C805B7745}.ReleaseNoFlock|x64.Build.0 = ReleaseNoFlock|x64
		{BA6137DF-0073-4E81-8A61-302C805B7745}.ReleaseNoFlock|x86.ActiveCfg = ReleaseNoFlock|Win32
		{BA6137DF-0073-4E81-8A61-302C805B7745}.ReleaseNoFlock|x86.Build.0 = ReleaseNoFlock|Win32
		{2FCB5399-059F-405F-A19B-3ACBE92057A9}.Debug|Mixed Platforms.ActiveCfg = Debug|Win32
		{2FCB5399-059F-405F-A19B-3ACBE92057A9}.Debug|Mixed Platforms.Build.0 = Debug|Win32
		{2FCB5399-059F-405F-A19B-3ACBE92057A9}.Debug|Win32.ActiveCfg = Debug|Win32
		{2FCB5399-059F-405F-A19B-3ACBE92057A9}.Debug|Win32.Build.0 = Debug|Win32
		{2FCB5399-059F-405F-A19B-3ACBE92057A9}.Debug|x64.ActiveCfg = Debug|x64
		{2FCB5399-059F-405F-A19B-3ACBE92057A9}.Debug|x64.Build.0 = Debug|x64
		{2FCB5399-059F-405F-A19B-3ACBE92057A9}.Debug|x86.ActiveCfg = Debug|Win32
		{2FCB5399-059F-405F-A19B-3ACBE92057A9}.Debug|x86.Build.0 = Debug|Win32
		{2FCB5399-059F-405F-A19B-3ACBE92057A9}.DebugNoFlock|Mixed Platforms.ActiveCfg = Debug|Win32
		{2FCB5399-059F-405F-A19B-3ACBE92057A9}.DebugNoFlock|Mixed Platforms.Build.0 = Debug|Win32
		{2FCB5399-059F-405F-A19B-3ACBE92057A9}.DebugNoFlock|Win32.ActiveCfg = Debug|Win32
		{2FCB5399-059F-405F-A19B-3ACBE92057A9}.DebugNoFlock|Win32.Build.0 = Debug|Win32
		{2FCB5399-059F-405F-A19B-3ACBE92057A9}.DebugNoFlock|x64.ActiveCfg = Debug|x64
		{2FCB5399-059F-405F-A19B-3ACBE92057A9}.DebugNoFlock|x64.Build.0 = Debug|x64
		{2FCB5399-059F-405F-A19B-3ACBE92057A9}.DebugNoFlock|x86.ActiveCfg = Debug|Win32
		{2FCB5399-059F-405F-A19B-3ACBE92057A9}.DebugNoFlock|x86.Build.0 = Debug|Win32
		{2FCB5399-059F-405F-A19B-3ACBE92057A9}.Release|Mixed Platforms.ActiveCfg = Release|Win32
		{2FCB5399-059F-405F-A19B-3ACBE92057A9}.Release|Mixed Platforms.Build.0 = Release|Win32
		{2FCB5399-059F-405F-A19B-3ACBE92057A9}.Release|Win32.ActiveCfg = Release|Win32
		{2FCB5399-059F-405F-A19B-3ACBE92057A9}.Release|Win32.Build.0 = Release|Win32
		{2FCB5399-059F-405F-A19B-3ACBE92057A9}.Release|x64.ActiveCfg = Release|x64
		{2FCB5399-059F-405F-A19B-3ACBE92057A9}.Release|x64.Build.0 = Release|x64
		{2FCB5399-059F-405F-A19B-3ACBE92057A9}.Release|x86.ActiveCfg = Release|Win32
		{2FCB5399-059F-405F-A19B-3ACBE92057A9}.Release|x86.Build.0 = Release|Win32
		{2FCB5399-059F-405F-A19B-3ACBE92057A9}.ReleaseNoFlock|Mixed Platforms.ActiveCfg = Release|Win32
		{2FCB5399-059F-405F-A19B-3ACBE92057A9}.ReleaseNoFlock|Mixed Platforms.Build.0 = Release|Win32
		{2FCB5399-059F-405F-A19B-3ACBE92057A9}.ReleaseNoFlock|Win32.ActiveCfg = Release|Win32
		{2FCB5399-059F-405F-A19B-3ACBE92057A9}.ReleaseNoFlock|Win32.Build.0 = Release|Win32
		{2FCB5399-059F-405F-A19B-3ACBE92057A9}.ReleaseNoFlock|x64.ActiveCfg = Release|x64
		{2FCB5399-059F-405F-A19B-3ACBE92057A9}.ReleaseNoFlock|x64.Build.0 = Release|x64
		{2FCB5399-059F-405F-A19B-3ACBE92057A9}.ReleaseNoFlock|x86.ActiveCfg = Release|Win32
		{2FCB5399-059F-405F-A19B-3ACBE92057A9}.ReleaseNoFlock|x86.Build.0 = Release|Win32
	EndGlobalSection
	GlobalSection(SolutionProperties) = preSolution
		HideSolutionNode = FALSE
	EndGlobalSection
	GlobalSection(ExtensibilityGlobals) = postSolution
		BuildVersion_IncrementBeforeBuild = True
		BuildVersion_UpdateAssemblyVersion = True
		BuildVersion_BuildVersioningStyle = None.None.Increment.None
	EndGlobalSection
EndGlobal
